// !$*UTF8*$!
{
	archiveVersion = 1;
	classes = {
	};
	objectVersion = 46;
	objects = {

/* Begin PBXBuildFile section */
		7634423B1CB8457E0038BFED /* MainViewController.swift in Sources */ = {isa = PBXBuildFile; fileRef = 7634423A1CB8457E0038BFED /* MainViewController.swift */; };
		7634423D1CB9314B0038BFED /* InstrumentViewController.swift in Sources */ = {isa = PBXBuildFile; fileRef = 7634423C1CB9314B0038BFED /* InstrumentViewController.swift */; };
		763442411CB95C440038BFED /* HighscoreViewController.swift in Sources */ = {isa = PBXBuildFile; fileRef = 763442401CB95C440038BFED /* HighscoreViewController.swift */; };
		763442491CB9AD710038BFED /* ic_launcher (ldpi).png in Resources */ = {isa = PBXBuildFile; fileRef = 763442431CB9AD710038BFED /* ic_launcher (ldpi).png */; };
		7634424A1CB9AD710038BFED /* ic_launcher(hdpi).png in Resources */ = {isa = PBXBuildFile; fileRef = 763442441CB9AD710038BFED /* ic_launcher(hdpi).png */; };
		7634424B1CB9AD710038BFED /* ic_launcher(mdpi).png in Resources */ = {isa = PBXBuildFile; fileRef = 763442451CB9AD710038BFED /* ic_launcher(mdpi).png */; };
		7634424C1CB9AD710038BFED /* ic_launcher(xhdpi).png in Resources */ = {isa = PBXBuildFile; fileRef = 763442461CB9AD710038BFED /* ic_launcher(xhdpi).png */; };
		7634424D1CB9AD710038BFED /* ic_launcher(xxhdpi).png in Resources */ = {isa = PBXBuildFile; fileRef = 763442471CB9AD710038BFED /* ic_launcher(xxhdpi).png */; };
		7634424E1CB9AD710038BFED /* ic_launcher(xxxhdpi).png in Resources */ = {isa = PBXBuildFile; fileRef = 763442481CB9AD710038BFED /* ic_launcher(xxxhdpi).png */; };
		763442501CB9B5660038BFED /* ListeningTestStartViewController.swift in Sources */ = {isa = PBXBuildFile; fileRef = 7634424F1CB9B5660038BFED /* ListeningTestStartViewController.swift */; };
		763442521CBA8D330038BFED /* ListeningViewController.swift in Sources */ = {isa = PBXBuildFile; fileRef = 763442511CBA8D330038BFED /* ListeningViewController.swift */; };
		763442561CBAA1F70038BFED /* ListeningGame.swift in Sources */ = {isa = PBXBuildFile; fileRef = 763442551CBAA1F70038BFED /* ListeningGame.swift */; };
		76B1C5D01CB70A7900299120 /* settings.swift in Sources */ = {isa = PBXBuildFile; fileRef = 76B1C5CF1CB70A7900299120 /* settings.swift */; };
		76BE6A951CB67CA200487A80 /* AppDelegate.swift in Sources */ = {isa = PBXBuildFile; fileRef = 76BE6A941CB67CA200487A80 /* AppDelegate.swift */; };
		76BE6A9A1CB67CA300487A80 /* Main.storyboard in Resources */ = {isa = PBXBuildFile; fileRef = 76BE6A981CB67CA300487A80 /* Main.storyboard */; };
		76BE6A9D1CB67CA300487A80 /* VIiegerAppiOS.xcdatamodeld in Sources */ = {isa = PBXBuildFile; fileRef = 76BE6A9B1CB67CA300487A80 /* VIiegerAppiOS.xcdatamodeld */; };
		76BE6A9F1CB67CA300487A80 /* Assets.xcassets in Resources */ = {isa = PBXBuildFile; fileRef = 76BE6A9E1CB67CA300487A80 /* Assets.xcassets */; };
		76BE6AA21CB67CA300487A80 /* LaunchScreen.storyboard in Resources */ = {isa = PBXBuildFile; fileRef = 76BE6AA01CB67CA300487A80 /* LaunchScreen.storyboard */; };
		76BE6AAD1CB67CA400487A80 /* VIiegerAppiOSTests.swift in Sources */ = {isa = PBXBuildFile; fileRef = 76BE6AAC1CB67CA400487A80 /* VIiegerAppiOSTests.swift */; };
		76BE6AB81CB67CA500487A80 /* VIiegerAppiOSUITests.swift in Sources */ = {isa = PBXBuildFile; fileRef = 76BE6AB71CB67CA500487A80 /* VIiegerAppiOSUITests.swift */; };
/* End PBXBuildFile section */

/* Begin PBXContainerItemProxy section */
		76BE6AA91CB67CA400487A80 /* PBXContainerItemProxy */ = {
			isa = PBXContainerItemProxy;
			containerPortal = 76BE6A891CB67CA200487A80 /* Project object */;
			proxyType = 1;
			remoteGlobalIDString = 76BE6A901CB67CA200487A80;
			remoteInfo = VIiegerAppiOS;
		};
		76BE6AB41CB67CA400487A80 /* PBXContainerItemProxy */ = {
			isa = PBXContainerItemProxy;
			containerPortal = 76BE6A891CB67CA200487A80 /* Project object */;
			proxyType = 1;
			remoteGlobalIDString = 76BE6A901CB67CA200487A80;
			remoteInfo = VIiegerAppiOS;
		};
/* End PBXContainerItemProxy section */

/* Begin PBXFileReference section */
		7634423A1CB8457E0038BFED /* MainViewController.swift */ = {isa = PBXFileReference; fileEncoding = 4; lastKnownFileType = sourcecode.swift; path = MainViewController.swift; sourceTree = "<group>"; };
		7634423C1CB9314B0038BFED /* InstrumentViewController.swift */ = {isa = PBXFileReference; fileEncoding = 4; lastKnownFileType = sourcecode.swift; path = InstrumentViewController.swift; sourceTree = "<group>"; };
		763442401CB95C440038BFED /* HighscoreViewController.swift */ = {isa = PBXFileReference; fileEncoding = 4; lastKnownFileType = sourcecode.swift; path = HighscoreViewController.swift; sourceTree = "<group>"; };
		763442431CB9AD710038BFED /* ic_launcher (ldpi).png */ = {isa = PBXFileReference; lastKnownFileType = image.png; name = "ic_launcher (ldpi).png"; path = "../../../../../../Dropbox/images/ic_launcher (ldpi).png"; sourceTree = "<group>"; };
		763442441CB9AD710038BFED /* ic_launcher(hdpi).png */ = {isa = PBXFileReference; lastKnownFileType = image.png; name = "ic_launcher(hdpi).png"; path = "../../../../../../Dropbox/images/ic_launcher(hdpi).png"; sourceTree = "<group>"; };
		763442451CB9AD710038BFED /* ic_launcher(mdpi).png */ = {isa = PBXFileReference; lastKnownFileType = image.png; name = "ic_launcher(mdpi).png"; path = "../../../../../../Dropbox/images/ic_launcher(mdpi).png"; sourceTree = "<group>"; };
		763442461CB9AD710038BFED /* ic_launcher(xhdpi).png */ = {isa = PBXFileReference; lastKnownFileType = image.png; name = "ic_launcher(xhdpi).png"; path = "../../../../../../Dropbox/images/ic_launcher(xhdpi).png"; sourceTree = "<group>"; };
		763442471CB9AD710038BFED /* ic_launcher(xxhdpi).png */ = {isa = PBXFileReference; lastKnownFileType = image.png; name = "ic_launcher(xxhdpi).png"; path = "../../../../../../Dropbox/images/ic_launcher(xxhdpi).png"; sourceTree = "<group>"; };
		763442481CB9AD710038BFED /* ic_launcher(xxxhdpi).png */ = {isa = PBXFileReference; lastKnownFileType = image.png; name = "ic_launcher(xxxhdpi).png"; path = "../../../../../../Dropbox/images/ic_launcher(xxxhdpi).png"; sourceTree = "<group>"; };
		7634424F1CB9B5660038BFED /* ListeningTestStartViewController.swift */ = {isa = PBXFileReference; fileEncoding = 4; lastKnownFileType = sourcecode.swift; path = ListeningTestStartViewController.swift; sourceTree = "<group>"; };
		763442511CBA8D330038BFED /* ListeningViewController.swift */ = {isa = PBXFileReference; fileEncoding = 4; lastKnownFileType = sourcecode.swift; path = ListeningViewController.swift; sourceTree = "<group>"; };
		763442551CBAA1F70038BFED /* ListeningGame.swift */ = {isa = PBXFileReference; fileEncoding = 4; lastKnownFileType = sourcecode.swift; path = ListeningGame.swift; sourceTree = "<group>"; };
		76B1C5CF1CB70A7900299120 /* settings.swift */ = {isa = PBXFileReference; fileEncoding = 4; lastKnownFileType = sourcecode.swift; path = settings.swift; sourceTree = "<group>"; };
		76BE6A911CB67CA200487A80 /* VIiegerAppiOS.app */ = {isa = PBXFileReference; explicitFileType = wrapper.application; includeInIndex = 0; path = VIiegerAppiOS.app; sourceTree = BUILT_PRODUCTS_DIR; };
		76BE6A941CB67CA200487A80 /* AppDelegate.swift */ = {isa = PBXFileReference; lastKnownFileType = sourcecode.swift; path = AppDelegate.swift; sourceTree = "<group>"; };
		76BE6A991CB67CA300487A80 /* Base */ = {isa = PBXFileReference; lastKnownFileType = file.storyboard; name = Base; path = Base.lproj/Main.storyboard; sourceTree = "<group>"; };
		76BE6A9C1CB67CA300487A80 /* VIiegerAppiOS.xcdatamodel */ = {isa = PBXFileReference; lastKnownFileType = wrapper.xcdatamodel; path = VIiegerAppiOS.xcdatamodel; sourceTree = "<group>"; };
		76BE6A9E1CB67CA300487A80 /* Assets.xcassets */ = {isa = PBXFileReference; lastKnownFileType = folder.assetcatalog; path = Assets.xcassets; sourceTree = "<group>"; };
		76BE6AA11CB67CA300487A80 /* Base */ = {isa = PBXFileReference; lastKnownFileType = file.storyboard; name = Base; path = Base.lproj/LaunchScreen.storyboard; sourceTree = "<group>"; };
		76BE6AA31CB67CA400487A80 /* Info.plist */ = {isa = PBXFileReference; lastKnownFileType = text.plist.xml; path = Info.plist; sourceTree = "<group>"; };
		76BE6AA81CB67CA400487A80 /* VIiegerAppiOSTests.xctest */ = {isa = PBXFileReference; explicitFileType = wrapper.cfbundle; includeInIndex = 0; path = VIiegerAppiOSTests.xctest; sourceTree = BUILT_PRODUCTS_DIR; };
		76BE6AAC1CB67CA400487A80 /* VIiegerAppiOSTests.swift */ = {isa = PBXFileReference; lastKnownFileType = sourcecode.swift; path = VIiegerAppiOSTests.swift; sourceTree = "<group>"; };
		76BE6AAE1CB67CA400487A80 /* Info.plist */ = {isa = PBXFileReference; lastKnownFileType = text.plist.xml; path = Info.plist; sourceTree = "<group>"; };
		76BE6AB31CB67CA400487A80 /* VIiegerAppiOSUITests.xctest */ = {isa = PBXFileReference; explicitFileType = wrapper.cfbundle; includeInIndex = 0; path = VIiegerAppiOSUITests.xctest; sourceTree = BUILT_PRODUCTS_DIR; };
		76BE6AB71CB67CA500487A80 /* VIiegerAppiOSUITests.swift */ = {isa = PBXFileReference; lastKnownFileType = sourcecode.swift; path = VIiegerAppiOSUITests.swift; sourceTree = "<group>"; };
		76BE6AB91CB67CA600487A80 /* Info.plist */ = {isa = PBXFileReference; lastKnownFileType = text.plist.xml; path = Info.plist; sourceTree = "<group>"; };
/* End PBXFileReference section */

/* Begin PBXFrameworksBuildPhase section */
		76BE6A8E1CB67CA200487A80 /* Frameworks */ = {
			isa = PBXFrameworksBuildPhase;
			buildActionMask = 2147483647;
			files = (
			);
			runOnlyForDeploymentPostprocessing = 0;
		};
		76BE6AA51CB67CA400487A80 /* Frameworks */ = {
			isa = PBXFrameworksBuildPhase;
			buildActionMask = 2147483647;
			files = (
			);
			runOnlyForDeploymentPostprocessing = 0;
		};
		76BE6AB01CB67CA400487A80 /* Frameworks */ = {
			isa = PBXFrameworksBuildPhase;
			buildActionMask = 2147483647;
			files = (
			);
			runOnlyForDeploymentPostprocessing = 0;
		};
/* End PBXFrameworksBuildPhase section */

/* Begin PBXGroup section */
		763442391CB82E6B0038BFED /* controller */ = {
			isa = PBXGroup;
			children = (
				763442551CBAA1F70038BFED /* ListeningGame.swift */,
				763442511CBA8D330038BFED /* ListeningViewController.swift */,
				7634424F1CB9B5660038BFED /* ListeningTestStartViewController.swift */,
				763442401CB95C440038BFED /* HighscoreViewController.swift */,
				7634423C1CB9314B0038BFED /* InstrumentViewController.swift */,
				7634423A1CB8457E0038BFED /* MainViewController.swift */,
			);
			name = controller;
			sourceTree = "<group>";
		};
		763442421CB9AD570038BFED /* images */ = {
			isa = PBXGroup;
			children = (
				763442431CB9AD710038BFED /* ic_launcher (ldpi).png */,
				763442441CB9AD710038BFED /* ic_launcher(hdpi).png */,
				763442451CB9AD710038BFED /* ic_launcher(mdpi).png */,
				763442461CB9AD710038BFED /* ic_launcher(xhdpi).png */,
				763442471CB9AD710038BFED /* ic_launcher(xxhdpi).png */,
				763442481CB9AD710038BFED /* ic_launcher(xxxhdpi).png */,
			);
			name = images;
			sourceTree = "<group>";
		};
		76B1C53B1CB708C100299120 /* res */ = {
			isa = PBXGroup;
			children = (
				763442421CB9AD570038BFED /* images */,
				76B1C53C1CB708DC00299120 /* sound */,
			);
			name = res;
			sourceTree = "<group>";
		};
		76B1C53C1CB708DC00299120 /* sound */ = {
			isa = PBXGroup;
			children = (
			);
			name = sound;
			sourceTree = "<group>";
		};
		76B1C5CD1CB709DB00299120 /* view */ = {
			isa = PBXGroup;
			children = (
				76BE6A981CB67CA300487A80 /* Main.storyboard */,
			);
			name = view;
			sourceTree = "<group>";
		};
		76B1C5CE1CB70A0A00299120 /* model */ = {
			isa = PBXGroup;
			children = (
			);
			name = model;
			sourceTree = "<group>";
		};
		76BE6A881CB67CA100487A80 = {
			isa = PBXGroup;
			children = (
				76BE6A931CB67CA200487A80 /* VIiegerAppiOS */,
				76BE6AAB1CB67CA400487A80 /* VIiegerAppiOSTests */,
				76BE6AB61CB67CA500487A80 /* VIiegerAppiOSUITests */,
				76BE6A921CB67CA200487A80 /* Products */,
			);
			sourceTree = "<group>";
		};
		76BE6A921CB67CA200487A80 /* Products */ = {
			isa = PBXGroup;
			children = (
				76BE6A911CB67CA200487A80 /* VIiegerAppiOS.app */,
				76BE6AA81CB67CA400487A80 /* VIiegerAppiOSTests.xctest */,
				76BE6AB31CB67CA400487A80 /* VIiegerAppiOSUITests.xctest */,
			);
			name = Products;
			sourceTree = "<group>";
		};
		76BE6A931CB67CA200487A80 /* VIiegerAppiOS */ = {
			isa = PBXGroup;
			children = (
				763442391CB82E6B0038BFED /* controller */,
				76B1C5CE1CB70A0A00299120 /* model */,
				76B1C5CD1CB709DB00299120 /* view */,
				76B1C53B1CB708C100299120 /* res */,
				76BE6A941CB67CA200487A80 /* AppDelegate.swift */,
				76BE6A9E1CB67CA300487A80 /* Assets.xcassets */,
				76BE6AA01CB67CA300487A80 /* LaunchScreen.storyboard */,
				76BE6AA31CB67CA400487A80 /* Info.plist */,
				76BE6A9B1CB67CA300487A80 /* VIiegerAppiOS.xcdatamodeld */,
				76B1C5CF1CB70A7900299120 /* settings.swift */,
			);
			path = VIiegerAppiOS;
			sourceTree = "<group>";
		};
		76BE6AAB1CB67CA400487A80 /* VIiegerAppiOSTests */ = {
			isa = PBXGroup;
			children = (
				76BE6AAC1CB67CA400487A80 /* VIiegerAppiOSTests.swift */,
				76BE6AAE1CB67CA400487A80 /* Info.plist */,
			);
			path = VIiegerAppiOSTests;
			sourceTree = "<group>";
		};
		76BE6AB61CB67CA500487A80 /* VIiegerAppiOSUITests */ = {
			isa = PBXGroup;
			children = (
				76BE6AB71CB67CA500487A80 /* VIiegerAppiOSUITests.swift */,
				76BE6AB91CB67CA600487A80 /* Info.plist */,
			);
			path = VIiegerAppiOSUITests;
			sourceTree = "<group>";
		};
/* End PBXGroup section */

/* Begin PBXNativeTarget section */
		76BE6A901CB67CA200487A80 /* VIiegerAppiOS */ = {
			isa = PBXNativeTarget;
			buildConfigurationList = 76BE6ABC1CB67CA600487A80 /* Build configuration list for PBXNativeTarget "VIiegerAppiOS" */;
			buildPhases = (
				76BE6A8D1CB67CA200487A80 /* Sources */,
				76BE6A8E1CB67CA200487A80 /* Frameworks */,
				76BE6A8F1CB67CA200487A80 /* Resources */,
			);
			buildRules = (
			);
			dependencies = (
			);
			name = VIiegerAppiOS;
			productName = VIiegerAppiOS;
			productReference = 76BE6A911CB67CA200487A80 /* VIiegerAppiOS.app */;
			productType = "com.apple.product-type.application";
		};
		76BE6AA71CB67CA400487A80 /* VIiegerAppiOSTests */ = {
			isa = PBXNativeTarget;
			buildConfigurationList = 76BE6ABF1CB67CA600487A80 /* Build configuration list for PBXNativeTarget "VIiegerAppiOSTests" */;
			buildPhases = (
				76BE6AA41CB67CA400487A80 /* Sources */,
				76BE6AA51CB67CA400487A80 /* Frameworks */,
				76BE6AA61CB67CA400487A80 /* Resources */,
			);
			buildRules = (
			);
			dependencies = (
				76BE6AAA1CB67CA400487A80 /* PBXTargetDependency */,
			);
			name = VIiegerAppiOSTests;
			productName = VIiegerAppiOSTests;
			productReference = 76BE6AA81CB67CA400487A80 /* VIiegerAppiOSTests.xctest */;
			productType = "com.apple.product-type.bundle.unit-test";
		};
		76BE6AB21CB67CA400487A80 /* VIiegerAppiOSUITests */ = {
			isa = PBXNativeTarget;
			buildConfigurationList = 76BE6AC21CB67CA600487A80 /* Build configuration list for PBXNativeTarget "VIiegerAppiOSUITests" */;
			buildPhases = (
				76BE6AAF1CB67CA400487A80 /* Sources */,
				76BE6AB01CB67CA400487A80 /* Frameworks */,
				76BE6AB11CB67CA400487A80 /* Resources */,
			);
			buildRules = (
			);
			dependencies = (
				76BE6AB51CB67CA400487A80 /* PBXTargetDependency */,
			);
			name = VIiegerAppiOSUITests;
			productName = VIiegerAppiOSUITests;
			productReference = 76BE6AB31CB67CA400487A80 /* VIiegerAppiOSUITests.xctest */;
			productType = "com.apple.product-type.bundle.ui-testing";
		};
/* End PBXNativeTarget section */

/* Begin PBXProject section */
		76BE6A891CB67CA200487A80 /* Project object */ = {
			isa = PBXProject;
			attributes = {
				LastSwiftUpdateCheck = 0720;
				LastUpgradeCheck = 0720;
				ORGANIZATIONNAME = "Michael Schouten";
				TargetAttributes = {
					76BE6A901CB67CA200487A80 = {
						CreatedOnToolsVersion = 7.2.1;
					};
					76BE6AA71CB67CA400487A80 = {
						CreatedOnToolsVersion = 7.2.1;
						TestTargetID = 76BE6A901CB67CA200487A80;
					};
					76BE6AB21CB67CA400487A80 = {
						CreatedOnToolsVersion = 7.2.1;
						TestTargetID = 76BE6A901CB67CA200487A80;
					};
				};
			};
			buildConfigurationList = 76BE6A8C1CB67CA200487A80 /* Build configuration list for PBXProject "VIiegerAppiOS" */;
			compatibilityVersion = "Xcode 3.2";
			developmentRegion = English;
			hasScannedForEncodings = 0;
			knownRegions = (
				en,
				Base,
			);
			mainGroup = 76BE6A881CB67CA100487A80;
			productRefGroup = 76BE6A921CB67CA200487A80 /* Products */;
			projectDirPath = "";
			projectRoot = "";
			targets = (
				76BE6A901CB67CA200487A80 /* VIiegerAppiOS */,
				76BE6AA71CB67CA400487A80 /* VIiegerAppiOSTests */,
				76BE6AB21CB67CA400487A80 /* VIiegerAppiOSUITests */,
			);
		};
/* End PBXProject section */

/* Begin PBXResourcesBuildPhase section */
		76BE6A8F1CB67CA200487A80 /* Resources */ = {
			isa = PBXResourcesBuildPhase;
			buildActionMask = 2147483647;
			files = (
				7634424C1CB9AD710038BFED /* ic_launcher(xhdpi).png in Resources */,
				7634424D1CB9AD710038BFED /* ic_launcher(xxhdpi).png in Resources */,
				76BE6AA21CB67CA300487A80 /* LaunchScreen.storyboard in Resources */,
				76BE6A9F1CB67CA300487A80 /* Assets.xcassets in Resources */,
				7634424A1CB9AD710038BFED /* ic_launcher(hdpi).png in Resources */,
				7634424B1CB9AD710038BFED /* ic_launcher(mdpi).png in Resources */,
				76BE6A9A1CB67CA300487A80 /* Main.storyboard in Resources */,
				763442491CB9AD710038BFED /* ic_launcher (ldpi).png in Resources */,
				7634424E1CB9AD710038BFED /* ic_launcher(xxxhdpi).png in Resources */,
			);
			runOnlyForDeploymentPostprocessing = 0;
		};
		76BE6AA61CB67CA400487A80 /* Resources */ = {
			isa = PBXResourcesBuildPhase;
			buildActionMask = 2147483647;
			files = (
			);
			runOnlyForDeploymentPostprocessing = 0;
		};
		76BE6AB11CB67CA400487A80 /* Resources */ = {
			isa = PBXResourcesBuildPhase;
			buildActionMask = 2147483647;
			files = (
			);
			runOnlyForDeploymentPostprocessing = 0;
		};
/* End PBXResourcesBuildPhase section */

/* Begin PBXSourcesBuildPhase section */
		76BE6A8D1CB67CA200487A80 /* Sources */ = {
			isa = PBXSourcesBuildPhase;
			buildActionMask = 2147483647;
			files = (
				7634423D1CB9314B0038BFED /* InstrumentViewController.swift in Sources */,
				76BE6A9D1CB67CA300487A80 /* VIiegerAppiOS.xcdatamodeld in Sources */,
				763442561CBAA1F70038BFED /* ListeningGame.swift in Sources */,
				763442501CB9B5660038BFED /* ListeningTestStartViewController.swift in Sources */,
				76B1C5D01CB70A7900299120 /* settings.swift in Sources */,
				763442521CBA8D330038BFED /* ListeningViewController.swift in Sources */,
				76BE6A951CB67CA200487A80 /* AppDelegate.swift in Sources */,
				7634423B1CB8457E0038BFED /* MainViewController.swift in Sources */,
				763442411CB95C440038BFED /* HighscoreViewController.swift in Sources */,
			);
			runOnlyForDeploymentPostprocessing = 0;
		};
		76BE6AA41CB67CA400487A80 /* Sources */ = {
			isa = PBXSourcesBuildPhase;
			buildActionMask = 2147483647;
			files = (
				76BE6AAD1CB67CA400487A80 /* VIiegerAppiOSTests.swift in Sources */,
			);
			runOnlyForDeploymentPostprocessing = 0;
		};
		76BE6AAF1CB67CA400487A80 /* Sources */ = {
			isa = PBXSourcesBuildPhase;
			buildActionMask = 2147483647;
			files = (
				76BE6AB81CB67CA500487A80 /* VIiegerAppiOSUITests.swift in Sources */,
			);
			runOnlyForDeploymentPostprocessing = 0;
		};
/* End PBXSourcesBuildPhase section */

/* Begin PBXTargetDependency section */
		76BE6AAA1CB67CA400487A80 /* PBXTargetDependency */ = {
			isa = PBXTargetDependency;
			target = 76BE6A901CB67CA200487A80 /* VIiegerAppiOS */;
			targetProxy = 76BE6AA91CB67CA400487A80 /* PBXContainerItemProxy */;
		};
		76BE6AB51CB67CA400487A80 /* PBXTargetDependency */ = {
			isa = PBXTargetDependency;
			target = 76BE6A901CB67CA200487A80 /* VIiegerAppiOS */;
			targetProxy = 76BE6AB41CB67CA400487A80 /* PBXContainerItemProxy */;
		};
/* End PBXTargetDependency section */

/* Begin PBXVariantGroup section */
		76BE6A981CB67CA300487A80 /* Main.storyboard */ = {
			isa = PBXVariantGroup;
			children = (
				76BE6A991CB67CA300487A80 /* Base */,
			);
			name = Main.storyboard;
			sourceTree = "<group>";
		};
		76BE6AA01CB67CA300487A80 /* LaunchScreen.storyboard */ = {
			isa = PBXVariantGroup;
			children = (
				76BE6AA11CB67CA300487A80 /* Base */,
			);
			name = LaunchScreen.storyboard;
			sourceTree = "<group>";
		};
/* End PBXVariantGroup section */

/* Begin XCBuildConfiguration section */
		76BE6ABA1CB67CA600487A80 /* Debug */ = {
			isa = XCBuildConfiguration;
			buildSettings = {
				ALWAYS_SEARCH_USER_PATHS = NO;
				CLANG_CXX_LANGUAGE_STANDARD = "gnu++0x";
				CLANG_CXX_LIBRARY = "libc++";
				CLANG_ENABLE_MODULES = YES;
				CLANG_ENABLE_OBJC_ARC = YES;
				CLANG_WARN_BOOL_CONVERSION = YES;
				CLANG_WARN_CONSTANT_CONVERSION = YES;
				CLANG_WARN_DIRECT_OBJC_ISA_USAGE = YES_ERROR;
				CLANG_WARN_EMPTY_BODY = YES;
				CLANG_WARN_ENUM_CONVERSION = YES;
				CLANG_WARN_INT_CONVERSION = YES;
				CLANG_WARN_OBJC_ROOT_CLASS = YES_ERROR;
				CLANG_WARN_UNREACHABLE_CODE = YES;
				CLANG_WARN__DUPLICATE_METHOD_MATCH = YES;
				"CODE_SIGN_IDENTITY[sdk=iphoneos*]" = "iPhone Developer";
				COPY_PHASE_STRIP = NO;
				DEBUG_INFORMATION_FORMAT = dwarf;
				ENABLE_STRICT_OBJC_MSGSEND = YES;
				ENABLE_TESTABILITY = YES;
				GCC_C_LANGUAGE_STANDARD = gnu99;
				GCC_DYNAMIC_NO_PIC = NO;
				GCC_NO_COMMON_BLOCKS = YES;
				GCC_OPTIMIZATION_LEVEL = 0;
				GCC_PREPROCESSOR_DEFINITIONS = (
					"DEBUG=1",
					"$(inherited)",
				);
				GCC_WARN_64_TO_32_BIT_CONVERSION = YES;
				GCC_WARN_ABOUT_RETURN_TYPE = YES_ERROR;
				GCC_WARN_UNDECLARED_SELECTOR = YES;
				GCC_WARN_UNINITIALIZED_AUTOS = YES_AGGRESSIVE;
				GCC_WARN_UNUSED_FUNCTION = YES;
				GCC_WARN_UNUSED_VARIABLE = YES;
				IPHONEOS_DEPLOYMENT_TARGET = 9.2;
				MTL_ENABLE_DEBUG_INFO = YES;
				ONLY_ACTIVE_ARCH = YES;
				SDKROOT = iphoneos;
				SWIFT_OPTIMIZATION_LEVEL = "-Onone";
				TARGETED_DEVICE_FAMILY = "1,2";
			};
			name = Debug;
		};
		76BE6ABB1CB67CA600487A80 /* Release */ = {
			isa = XCBuildConfiguration;
			buildSettings = {
				ALWAYS_SEARCH_USER_PATHS = NO;
				CLANG_CXX_LANGUAGE_STANDARD = "gnu++0x";
				CLANG_CXX_LIBRARY = "libc++";
				CLANG_ENABLE_MODULES = YES;
				CLANG_ENABLE_OBJC_ARC = YES;
				CLANG_WARN_BOOL_CONVERSION = YES;
				CLANG_WARN_CONSTANT_CONVERSION = YES;
				CLANG_WARN_DIRECT_OBJC_ISA_USAGE = YES_ERROR;
				CLANG_WARN_EMPTY_BODY = YES;
				CLANG_WARN_ENUM_CONVERSION = YES;
				CLANG_WARN_INT_CONVERSION = YES;
				CLANG_WARN_OBJC_ROOT_CLASS = YES_ERROR;
				CLANG_WARN_UNREACHABLE_CODE = YES;
				CLANG_WARN__DUPLICATE_METHOD_MATCH = YES;
				"CODE_SIGN_IDENTITY[sdk=iphoneos*]" = "iPhone Developer";
				COPY_PHASE_STRIP = NO;
				DEBUG_INFORMATION_FORMAT = "dwarf-with-dsym";
				ENABLE_NS_ASSERTIONS = NO;
				ENABLE_STRICT_OBJC_MSGSEND = YES;
				GCC_C_LANGUAGE_STANDARD = gnu99;
				GCC_NO_COMMON_BLOCKS = YES;
				GCC_WARN_64_TO_32_BIT_CONVERSION = YES;
				GCC_WARN_ABOUT_RETURN_TYPE = YES_ERROR;
				GCC_WARN_UNDECLARED_SELECTOR = YES;
				GCC_WARN_UNINITIALIZED_AUTOS = YES_AGGRESSIVE;
				GCC_WARN_UNUSED_FUNCTION = YES;
				GCC_WARN_UNUSED_VARIABLE = YES;
				IPHONEOS_DEPLOYMENT_TARGET = 9.2;
				MTL_ENABLE_DEBUG_INFO = NO;
				SDKROOT = iphoneos;
				TARGETED_DEVICE_FAMILY = "1,2";
				VALIDATE_PRODUCT = YES;
			};
			name = Release;
		};
		76BE6ABD1CB67CA600487A80 /* Debug */ = {
			isa = XCBuildConfiguration;
			buildSettings = {
				ASSETCATALOG_COMPILER_APPICON_NAME = AppIcon;
				INFOPLIST_FILE = VIiegerAppiOS/Info.plist;
				LD_RUNPATH_SEARCH_PATHS = "$(inherited) @executable_path/Frameworks";
				PRODUCT_BUNDLE_IDENTIFIER = mvkms.VIiegerAppiOS;
				PRODUCT_NAME = "$(TARGET_NAME)";
			};
			name = Debug;
		};
		76BE6ABE1CB67CA600487A80 /* Release */ = {
			isa = XCBuildConfiguration;
			buildSettings = {
				ASSETCATALOG_COMPILER_APPICON_NAME = AppIcon;
				INFOPLIST_FILE = VIiegerAppiOS/Info.plist;
				LD_RUNPATH_SEARCH_PATHS = "$(inherited) @executable_path/Frameworks";
				PRODUCT_BUNDLE_IDENTIFIER = mvkms.VIiegerAppiOS;
				PRODUCT_NAME = "$(TARGET_NAME)";
			};
			name = Release;
		};
		76BE6AC01CB67CA600487A80 /* Debug */ = {
			isa = XCBuildConfiguration;
			buildSettings = {
				BUNDLE_LOADER = "$(TEST_HOST)";
				INFOPLIST_FILE = VIiegerAppiOSTests/Info.plist;
				LD_RUNPATH_SEARCH_PATHS = "$(inherited) @executable_path/Frameworks @loader_path/Frameworks";
				PRODUCT_BUNDLE_IDENTIFIER = mvkms.VIiegerAppiOSTests;
				PRODUCT_NAME = "$(TARGET_NAME)";
				TEST_HOST = "$(BUILT_PRODUCTS_DIR)/VIiegerAppiOS.app/VIiegerAppiOS";
			};
			name = Debug;
		};
		76BE6AC11CB67CA600487A80 /* Release */ = {
			isa = XCBuildConfiguration;
			buildSettings = {
				BUNDLE_LOADER = "$(TEST_HOST)";
				INFOPLIST_FILE = VIiegerAppiOSTests/Info.plist;
				LD_RUNPATH_SEARCH_PATHS = "$(inherited) @executable_path/Frameworks @loader_path/Frameworks";
				PRODUCT_BUNDLE_IDENTIFIER = mvkms.VIiegerAppiOSTests;
				PRODUCT_NAME = "$(TARGET_NAME)";
				TEST_HOST = "$(BUILT_PRODUCTS_DIR)/VIiegerAppiOS.app/VIiegerAppiOS";
			};
			name = Release;
		};
		76BE6AC31CB67CA600487A80 /* Debug */ = {
			isa = XCBuildConfiguration;
			buildSettings = {
				INFOPLIST_FILE = VIiegerAppiOSUITests/Info.plist;
				LD_RUNPATH_SEARCH_PATHS = "$(inherited) @executable_path/Frameworks @loader_path/Frameworks";
				PRODUCT_BUNDLE_IDENTIFIER = mvkms.VIiegerAppiOSUITests;
				PRODUCT_NAME = "$(TARGET_NAME)";
				TEST_TARGET_NAME = VIiegerAppiOS;
				USES_XCTRUNNER = YES;
			};
			name = Debug;
		};
		76BE6AC41CB67CA600487A80 /* Release */ = {
			isa = XCBuildConfiguration;
			buildSettings = {
				INFOPLIST_FILE = VIiegerAppiOSUITests/Info.plist;
				LD_RUNPATH_SEARCH_PATHS = "$(inherited) @executable_path/Frameworks @loader_path/Frameworks";
				PRODUCT_BUNDLE_IDENTIFIER = mvkms.VIiegerAppiOSUITests;
				PRODUCT_NAME = "$(TARGET_NAME)";
				TEST_TARGET_NAME = VIiegerAppiOS;
				USES_XCTRUNNER = YES;
			};
			name = Release;
		};
/* End XCBuildConfiguration section */

/* Begin XCConfigurationList section */
		76BE6A8C1CB67CA200487A80 /* Build configuration list for PBXProject "VIiegerAppiOS" */ = {
			isa = XCConfigurationList;
			buildConfigurations = (
				76BE6ABA1CB67CA600487A80 /* Debug */,
				76BE6ABB1CB67CA600487A80 /* Release */,
			);
			defaultConfigurationIsVisible = 0;
			defaultConfigurationName = Release;
		};
		76BE6ABC1CB67CA600487A80 /* Build configuration list for PBXNativeTarget "VIiegerAppiOS" */ = {
			isa = XCConfigurationList;
			buildConfigurations = (
				76BE6ABD1CB67CA600487A80 /* Debug */,
				76BE6ABE1CB67CA600487A80 /* Release */,
			);
			defaultConfigurationIsVisible = 0;
			defaultConfigurationName = Release;
		};
		76BE6ABF1CB67CA600487A80 /* Build configuration list for PBXNativeTarget "VIiegerAppiOSTests" */ = {
			isa = XCConfigurationList;
			buildConfigurations = (
				76BE6AC01CB67CA600487A80 /* Debug */,
				76BE6AC11CB67CA600487A80 /* Release */,
			);
			defaultConfigurationIsVisible = 0;
			defaultConfigurationName = Release;
		};
		76BE6AC21CB67CA600487A80 /* Build configuration list for PBXNativeTarget "VIiegerAppiOSUITests" */ = {
			isa = XCConfigurationList;
			buildConfigurations = (
				76BE6AC31CB67CA600487A80 /* Debug */,
				76BE6AC41CB67CA600487A80 /* Release */,
			);
			defaultConfigurationIsVisible = 0;
			defaultConfigurationName = Release;
		};
/* End XCConfigurationList section */

/* Begin XCVersionGroup section */
		76BE6A9B1CB67CA300487A80 /* VIiegerAppiOS.xcdatamodeld */ = {
			isa = XCVersionGroup;
			children = (
				76BE6A9C1CB67CA300487A80 /* VIiegerAppiOS.xcdatamodel */,
			);
			currentVersion = 76BE6A9C1CB67CA300487A80 /* VIiegerAppiOS.xcdatamodel */;
			path = VIiegerAppiOS.xcdatamodeld;
			sourceTree = "<group>";
			versionGroupType = wrapper.xcdatamodel;
		};
/* End XCVersionGroup section */
	};
	rootObject = 76BE6A891CB67CA200487A80 /* Project object */;
}
